
Microsoft Visual Studio Solution File, Format Version 12.00
# Visual Studio 15
VisualStudioVersion = 15.0.26124.0
MinimumVisualStudioVersion = 15.0.26124.0
Project("{FAE04EC0-301F-11D3-BF4B-00C04F79EFBC}") = "Domain", "Domain\Domain.csproj", "{1351556E-D531-439C-99F0-CEAED59E81A8}"
EndProject
Project("{FAE04EC0-301F-11D3-BF4B-00C04F79EFBC}") = "Application", "Application\Application.csproj", "{FE195872-8F77-408C-8932-9EB6D6F5B10D}"
EndProject
Project("{FAE04EC0-301F-11D3-BF4B-00C04F79EFBC}") = "Persistence", "Persistence\Persistence.csproj", "{E76FE368-1E4B-494B-8106-76E29D697826}"
EndProject
Project("{FAE04EC0-301F-11D3-BF4B-00C04F79EFBC}") = "API", "API\API.csproj", "{1FD8704B-63A6-4E8E-98B4-954AFBB85AFE}"
EndProject
Global
	GlobalSection(SolutionConfigurationPlatforms) = preSolution
		Debug|Any CPU = Debug|Any CPU
		Debug|x64 = Debug|x64
		Debug|x86 = Debug|x86
		Release|Any CPU = Release|Any CPU
		Release|x64 = Release|x64
		Release|x86 = Release|x86
	EndGlobalSection
	GlobalSection(SolutionProperties) = preSolution
		HideSolutionNode = FALSE
	EndGlobalSection
	GlobalSection(ProjectConfigurationPlatforms) = postSolution
		{1351556E-D531-439C-99F0-CEAED59E81A8}.Debug|Any CPU.ActiveCfg = Debug|Any CPU
		{1351556E-D531-439C-99F0-CEAED59E81A8}.Debug|Any CPU.Build.0 = Debug|Any CPU
		{1351556E-D531-439C-99F0-CEAED59E81A8}.Debug|x64.ActiveCfg = Debug|Any CPU
		{1351556E-D531-439C-99F0-CEAED59E81A8}.Debug|x64.Build.0 = Debug|Any CPU
		{1351556E-D531-439C-99F0-CEAED59E81A8}.Debug|x86.ActiveCfg = Debug|Any CPU
		{1351556E-D531-439C-99F0-CEAED59E81A8}.Debug|x86.Build.0 = Debug|Any CPU
		{1351556E-D531-439C-99F0-CEAED59E81A8}.Release|Any CPU.ActiveCfg = Release|Any CPU
		{1351556E-D531-439C-99F0-CEAED59E81A8}.Release|Any CPU.Build.0 = Release|Any CPU
		{1351556E-D531-439C-99F0-CEAED59E81A8}.Release|x64.ActiveCfg = Release|Any CPU
		{1351556E-D531-439C-99F0-CEAED59E81A8}.Release|x64.Build.0 = Release|Any CPU
		{1351556E-D531-439C-99F0-CEAED59E81A8}.Release|x86.ActiveCfg = Release|Any CPU
		{1351556E-D531-439C-99F0-CEAED59E81A8}.Release|x86.Build.0 = Release|Any CPU
		{FE195872-8F77-408C-8932-9EB6D6F5B10D}.Debug|Any CPU.ActiveCfg = Debug|Any CPU
		{FE195872-8F77-408C-8932-9EB6D6F5B10D}.Debug|Any CPU.Build.0 = Debug|Any CPU
		{FE195872-8F77-408C-8932-9EB6D6F5B10D}.Debug|x64.ActiveCfg = Debug|Any CPU
		{FE195872-8F77-408C-8932-9EB6D6F5B10D}.Debug|x64.Build.0 = Debug|Any CPU
		{FE195872-8F77-408C-8932-9EB6D6F5B10D}.Debug|x86.ActiveCfg = Debug|Any CPU
		{FE195872-8F77-408C-8932-9EB6D6F5B10D}.Debug|x86.Build.0 = Debug|Any CPU
		{FE195872-8F77-408C-8932-9EB6D6F5B10D}.Release|Any CPU.ActiveCfg = Release|Any CPU
		{FE195872-8F77-408C-8932-9EB6D6F5B10D}.Release|Any CPU.Build.0 = Release|Any CPU
		{FE195872-8F77-408C-8932-9EB6D6F5B10D}.Release|x64.ActiveCfg = Release|Any CPU
		{FE195872-8F77-408C-8932-9EB6D6F5B10D}.Release|x64.Build.0 = Release|Any CPU
		{FE195872-8F77-408C-8932-9EB6D6F5B10D}.Release|x86.ActiveCfg = Release|Any CPU
		{FE195872-8F77-408C-8932-9EB6D6F5B10D}.Release|x86.Build.0 = Release|Any CPU
		{E76FE368-1E4B-494B-8106-76E29D697826}.Debug|Any CPU.ActiveCfg = Debug|Any CPU
		{E76FE368-1E4B-494B-8106-76E29D697826}.Debug|Any CPU.Build.0 = Debug|Any CPU
		{E76FE368-1E4B-494B-8106-76E29D697826}.Debug|x64.ActiveCfg = Debug|Any CPU
		{E76FE368-1E4B-494B-8106-76E29D697826}.Debug|x64.Build.0 = Debug|Any CPU
		{E76FE368-1E4B-494B-8106-76E29D697826}.Debug|x86.ActiveCfg = Debug|Any CPU
		{E76FE368-1E4B-494B-8106-76E29D697826}.Debug|x86.Build.0 = Debug|Any CPU
		{E76FE368-1E4B-494B-8106-76E29D697826}.Release|Any CPU.ActiveCfg = Release|Any CPU
		{E76FE368-1E4B-494B-8106-76E29D697826}.Release|Any CPU.Build.0 = Release|Any CPU
		{E76FE368-1E4B-494B-8106-76E29D697826}.Release|x64.ActiveCfg = Release|Any CPU
		{E76FE368-1E4B-494B-8106-76E29D697826}.Release|x64.Build.0 = Release|Any CPU
		{E76FE368-1E4B-494B-8106-76E29D697826}.Release|x86.ActiveCfg = Release|Any CPU
		{E76FE368-1E4B-494B-8106-76E29D697826}.Release|x86.Build.0 = Release|Any CPU
		{1FD8704B-63A6-4E8E-98B4-954AFBB85AFE}.Debug|Any CPU.ActiveCfg = Debug|Any CPU
		{1FD8704B-63A6-4E8E-98B4-954AFBB85AFE}.Debug|Any CPU.Build.0 = Debug|Any CPU
		{1FD8704B-63A6-4E8E-98B4-954AFBB85AFE}.Debug|x64.ActiveCfg = Debug|Any CPU
		{1FD8704B-63A6-4E8E-98B4-954AFBB85AFE}.Debug|x64.Build.0 = Debug|Any CPU
		{1FD8704B-63A6-4E8E-98B4-954AFBB85AFE}.Debug|x86.ActiveCfg = Debug|Any CPU
		{1FD8704B-63A6-4E8E-98B4-954AFBB85AFE}.Debug|x86.Build.0 = Debug|Any CPU
		{1FD8704B-63A6-4E8E-98B4-954AFBB85AFE}.Release|Any CPU.ActiveCfg = Release|Any CPU
		{1FD8704B-63A6-4E8E-98B4-954AFBB85AFE}.Release|Any CPU.Build.0 = Release|Any CPU
		{1FD8704B-63A6-4E8E-98B4-954AFBB85AFE}.Release|x64.ActiveCfg = Release|Any CPU
		{1FD8704B-63A6-4E8E-98B4-954AFBB85AFE}.Release|x64.Build.0 = Release|Any CPU
		{1FD8704B-63A6-4E8E-98B4-954AFBB85AFE}.Release|x86.ActiveCfg = Release|Any CPU
		{1FD8704B-63A6-4E8E-98B4-954AFBB85AFE}.Release|x86.Build.0 = Release|Any CPU
	EndGlobalSection
EndGlobal
